
Microsoft Visual Studio Solution File, Format Version 12.00
# Visual Studio Version 17
VisualStudioVersion = 17.10.35013.160
MinimumVisualStudioVersion = 10.0.40219.1
Project("{FAE04EC0-301F-11D3-BF4B-00C04F79EFBC}") = "MyDotNetCoreApp", "MyDotNetCoreApp.csproj", "{061E1249-9A91-4733-AD41-36DEECAFA612}"
EndProject
Global
	GlobalSection(SolutionConfigurationPlatforms) = preSolution
		Debug|Any CPU = Debug|Any CPU
		Release|Any CPU = Release|Any CPU
	EndGlobalSection
	GlobalSection(ProjectConfigurationPlatforms) = postSolution
		{061E1249-9A91-4733-AD41-36DEECAFA612}.Debug|Any CPU.ActiveCfg = Debug|Any CPU
		{061E1249-9A91-4733-AD41-36DEECAFA612}.Debug|Any CPU.Build.0 = Debug|Any CPU
		{061E1249-9A91-4733-AD41-36DEECAFA612}.Release|Any CPU.ActiveCfg = Release|Any CPU
		{061E1249-9A91-4733-AD41-36DEECAFA612}.Release|Any CPU.Build.0 = Release|Any CPU
	EndGlobalSection
	GlobalSection(SolutionProperties) = preSolution
		HideSolutionNode = FALSE
	EndGlobalSection
	GlobalSection(ExtensibilityGlobals) = postSolution
		SolutionGuid = {97E05025-1617-4D91-B654-F5C49A0D0AD9}
	EndGlobalSection
EndGlobal
